
Microsoft Visual Studio Solution File, Format Version 12.00
# Visual Studio Version 17
VisualStudioVersion = 17.1.32319.34
MinimumVisualStudioVersion = 10.0.40219.1
Project("{9A19103F-16F7-4668-BE54-9A1E7A4F7556}") = "CalidadCoolecheraModelos", "Modelos\CalidadCoolecheraModelos.csproj", "{782E2D19-9F96-436A-BDC8-34D0E8D27EFC}"
EndProject
Project("{9A19103F-16F7-4668-BE54-9A1E7A4F7556}") = "CalidadCoolecheraAcceso", "CalidadCoolecheraAcceso\CalidadCoolecheraAcceso.csproj", "{D5AF79AE-7CFC-4D7C-ABA1-4F5445AC70EC}"
EndProject
Project("{FAE04EC0-301F-11D3-BF4B-00C04F79EFBC}") = "CalidadCoolecheraForms", "CalidadCoolecheraForms\CalidadCoolecheraForms.csproj", "{A1135B8D-9B92-4F56-A125-50AF6229D910}"
EndProject
Global
	GlobalSection(SolutionConfigurationPlatforms) = preSolution
		Debug|Any CPU = Debug|Any CPU
		Release|Any CPU = Release|Any CPU
	EndGlobalSection
	GlobalSection(ProjectConfigurationPlatforms) = postSolution
		{782E2D19-9F96-436A-BDC8-34D0E8D27EFC}.Debug|Any CPU.ActiveCfg = Debug|Any CPU
		{782E2D19-9F96-436A-BDC8-34D0E8D27EFC}.Debug|Any CPU.Build.0 = Debug|Any CPU
		{782E2D19-9F96-436A-BDC8-34D0E8D27EFC}.Release|Any CPU.ActiveCfg = Release|Any CPU
		{782E2D19-9F96-436A-BDC8-34D0E8D27EFC}.Release|Any CPU.Build.0 = Release|Any CPU
		{D5AF79AE-7CFC-4D7C-ABA1-4F5445AC70EC}.Debug|Any CPU.ActiveCfg = Debug|Any CPU
		{D5AF79AE-7CFC-4D7C-ABA1-4F5445AC70EC}.Debug|Any CPU.Build.0 = Debug|Any CPU
		{D5AF79AE-7CFC-4D7C-ABA1-4F5445AC70EC}.Release|Any CPU.ActiveCfg = Release|Any CPU
		{D5AF79AE-7CFC-4D7C-ABA1-4F5445AC70EC}.Release|Any CPU.Build.0 = Release|Any CPU
		{A1135B8D-9B92-4F56-A125-50AF6229D910}.Debug|Any CPU.ActiveCfg = Debug|Any CPU
		{A1135B8D-9B92-4F56-A125-50AF6229D910}.Debug|Any CPU.Build.0 = Debug|Any CPU
		{A1135B8D-9B92-4F56-A125-50AF6229D910}.Release|Any CPU.ActiveCfg = Release|Any CPU
		{A1135B8D-9B92-4F56-A125-50AF6229D910}.Release|Any CPU.Build.0 = Release|Any CPU
	EndGlobalSection
	GlobalSection(SolutionProperties) = preSolution
		HideSolutionNode = FALSE
	EndGlobalSection
	GlobalSection(ExtensibilityGlobals) = postSolution
		SolutionGuid = {FA6FF10D-73B2-460E-8258-0F2AA9A26495}
	EndGlobalSection
EndGlobal
